# This file is autogenerated, do not edit; changes may be undone by the next 'dep ensure'.


[[projects]]
  branch = "master"
  digest = "1:3f21b20c57f753323c8b200dbad625bc7537cbf7961d749ddd5a2b49d589caa0"
  name = "github.com/statusio/statusio-go"
  packages = ["."]
  pruneopts = "UT"
  revision = "d676fa707acdc5f8522782530e010ac94079dafa"

[solve-meta]
  analyzer-name = "dep"
  analyzer-version = 1
  input-imports = ["github.com/statusio/statusio-go"]
  solver-name = "gps-cdcl"
  solver-version = 1
